// !$*UTF8*$!
{
	archiveVersion = 1;
	classes = {
	};
	objectVersion = 46;
	objects = {

/* Begin PBXBuildFile section */
		5A096E3F1B6FC16D009C1AFA /* AppDelegate.swift in Sources */ = {isa = PBXBuildFile; fileRef = 5A096E3E1B6FC16D009C1AFA /* AppDelegate.swift */; };
		5A096E421B6FC171009C1AFA /* HackathonApp.xcdatamodeld in Sources */ = {isa = PBXBuildFile; fileRef = 5A096E401B6FC171009C1AFA /* HackathonApp.xcdatamodeld */; };
		5A096E441B6FC171009C1AFA /* ViewController.swift in Sources */ = {isa = PBXBuildFile; fileRef = 5A096E431B6FC171009C1AFA /* ViewController.swift */; };
		5A096E471B6FC172009C1AFA /* Main.storyboard in Resources */ = {isa = PBXBuildFile; fileRef = 5A096E451B6FC172009C1AFA /* Main.storyboard */; };
		5A096E491B6FC173009C1AFA /* Images.xcassets in Resources */ = {isa = PBXBuildFile; fileRef = 5A096E481B6FC173009C1AFA /* Images.xcassets */; };
		5A096E4C1B6FC173009C1AFA /* LaunchScreen.xib in Resources */ = {isa = PBXBuildFile; fileRef = 5A096E4A1B6FC173009C1AFA /* LaunchScreen.xib */; };
		5A096E581B6FC173009C1AFA /* HackathonAppTests.swift in Sources */ = {isa = PBXBuildFile; fileRef = 5A096E571B6FC173009C1AFA /* HackathonAppTests.swift */; };
		5A096E631B6FC930009C1AFA /* SWRevealViewController.m in Sources */ = {isa = PBXBuildFile; fileRef = 5A096E621B6FC930009C1AFA /* SWRevealViewController.m */; };
		5A096E661B6FE619009C1AFA /* CustomWebViewController.swift in Sources */ = {isa = PBXBuildFile; fileRef = 5A096E651B6FE619009C1AFA /* CustomWebViewController.swift */; };
		5AE618FB1B73BC12007D17CE /* menuItems.json in Resources */ = {isa = PBXBuildFile; fileRef = 5AE618FA1B73BC12007D17CE /* menuItems.json */; };
		5AE619071B73E235007D17CE /* MenuItem.swift in Sources */ = {isa = PBXBuildFile; fileRef = 5AE619061B73E235007D17CE /* MenuItem.swift */; };
		5AEDED5B1B75207700760B4A /* CoreBluetooth.framework in Frameworks */ = {isa = PBXBuildFile; fileRef = 5AEDED591B750FAA00760B4A /* CoreBluetooth.framework */; };
		5AEDED5C1B75208200760B4A /* CoreLocation.framework in Frameworks */ = {isa = PBXBuildFile; fileRef = 5AEDED571B750F9F00760B4A /* CoreLocation.framework */; };
		5AEDED5D1B75208800760B4A /* QuartzCore.framework in Frameworks */ = {isa = PBXBuildFile; fileRef = 5AF20F761B740EDA005DA45F /* QuartzCore.framework */; };
		5AEDED5E1B75208800760B4A /* QuickLook.framework in Frameworks */ = {isa = PBXBuildFile; fileRef = 5AF20F771B740EDA005DA45F /* QuickLook.framework */; };
		5AEDED5F1B75209100760B4A /* WebKit.framework in Frameworks */ = {isa = PBXBuildFile; fileRef = 5AE619081B73EA8B007D17CE /* WebKit.framework */; };
		5AEDED611B7526B700760B4A /* UIColorExtension.swift in Sources */ = {isa = PBXBuildFile; fileRef = 5AEDED601B7526B700760B4A /* UIColorExtension.swift */; };
		5AF20F751B740880005DA45F /* CollectionViewCell.swift in Sources */ = {isa = PBXBuildFile; fileRef = 5AF20F741B740880005DA45F /* CollectionViewCell.swift */; };
/* End PBXBuildFile section */

/* Begin PBXContainerItemProxy section */
		5A096E521B6FC173009C1AFA /* PBXContainerItemProxy */ = {
			isa = PBXContainerItemProxy;
			containerPortal = 5A096E311B6FC169009C1AFA /* Project object */;
			proxyType = 1;
			remoteGlobalIDString = 5A096E381B6FC16A009C1AFA;
			remoteInfo = HackathonApp;
		};
/* End PBXContainerItemProxy section */

/* Begin PBXFileReference section */
		5A096E391B6FC16A009C1AFA /* HackathonApp.app */ = {isa = PBXFileReference; explicitFileType = wrapper.application; includeInIndex = 0; path = HackathonApp.app; sourceTree = BUILT_PRODUCTS_DIR; };
		5A096E3D1B6FC16D009C1AFA /* Info.plist */ = {isa = PBXFileReference; lastKnownFileType = text.plist.xml; path = Info.plist; sourceTree = "<group>"; };
		5A096E3E1B6FC16D009C1AFA /* AppDelegate.swift */ = {isa = PBXFileReference; lastKnownFileType = sourcecode.swift; path = AppDelegate.swift; sourceTree = "<group>"; };
		5A096E411B6FC171009C1AFA /* HackathonApp.xcdatamodel */ = {isa = PBXFileReference; lastKnownFileType = wrapper.xcdatamodel; path = HackathonApp.xcdatamodel; sourceTree = "<group>"; };
		5A096E431B6FC171009C1AFA /* ViewController.swift */ = {isa = PBXFileReference; lastKnownFileType = sourcecode.swift; path = ViewController.swift; sourceTree = "<group>"; };
		5A096E461B6FC172009C1AFA /* Base */ = {isa = PBXFileReference; lastKnownFileType = file.storyboard; name = Base; path = Base.lproj/Main.storyboard; sourceTree = "<group>"; };
		5A096E481B6FC173009C1AFA /* Images.xcassets */ = {isa = PBXFileReference; lastKnownFileType = folder.assetcatalog; path = Images.xcassets; sourceTree = "<group>"; };
		5A096E4B1B6FC173009C1AFA /* Base */ = {isa = PBXFileReference; lastKnownFileType = file.xib; name = Base; path = Base.lproj/LaunchScreen.xib; sourceTree = "<group>"; };
		5A096E511B6FC173009C1AFA /* HackathonAppTests.xctest */ = {isa = PBXFileReference; explicitFileType = wrapper.cfbundle; includeInIndex = 0; path = HackathonAppTests.xctest; sourceTree = BUILT_PRODUCTS_DIR; };
		5A096E561B6FC173009C1AFA /* Info.plist */ = {isa = PBXFileReference; lastKnownFileType = text.plist.xml; path = Info.plist; sourceTree = "<group>"; };
		5A096E571B6FC173009C1AFA /* HackathonAppTests.swift */ = {isa = PBXFileReference; lastKnownFileType = sourcecode.swift; path = HackathonAppTests.swift; sourceTree = "<group>"; };
		5A096E611B6FC930009C1AFA /* SWRevealViewController.h */ = {isa = PBXFileReference; fileEncoding = 4; lastKnownFileType = sourcecode.c.h; path = SWRevealViewController.h; sourceTree = "<group>"; };
		5A096E621B6FC930009C1AFA /* SWRevealViewController.m */ = {isa = PBXFileReference; fileEncoding = 4; lastKnownFileType = sourcecode.c.objc; path = SWRevealViewController.m; sourceTree = "<group>"; };
		5A096E641B6FE1CA009C1AFA /* HackathonApp-Bridging-Header.h */ = {isa = PBXFileReference; lastKnownFileType = sourcecode.c.h; path = "HackathonApp-Bridging-Header.h"; sourceTree = "<group>"; };
		5A096E651B6FE619009C1AFA /* CustomWebViewController.swift */ = {isa = PBXFileReference; fileEncoding = 4; lastKnownFileType = sourcecode.swift; path = CustomWebViewController.swift; sourceTree = "<group>"; };
		5AE618FA1B73BC12007D17CE /* menuItems.json */ = {isa = PBXFileReference; fileEncoding = 4; lastKnownFileType = text.json; path = menuItems.json; sourceTree = "<group>"; };
		5AE619061B73E235007D17CE /* MenuItem.swift */ = {isa = PBXFileReference; fileEncoding = 4; lastKnownFileType = sourcecode.swift; name = MenuItem.swift; path = ../MenuItem.swift; sourceTree = "<group>"; };
		5AE619081B73EA8B007D17CE /* WebKit.framework */ = {isa = PBXFileReference; lastKnownFileType = wrapper.framework; name = WebKit.framework; path = System/Library/Frameworks/WebKit.framework; sourceTree = SDKROOT; };
		5AEDED571B750F9F00760B4A /* CoreLocation.framework */ = {isa = PBXFileReference; lastKnownFileType = wrapper.framework; name = CoreLocation.framework; path = System/Library/Frameworks/CoreLocation.framework; sourceTree = SDKROOT; };
		5AEDED591B750FAA00760B4A /* CoreBluetooth.framework */ = {isa = PBXFileReference; lastKnownFileType = wrapper.framework; name = CoreBluetooth.framework; path = System/Library/Frameworks/CoreBluetooth.framework; sourceTree = SDKROOT; };
		5AEDED601B7526B700760B4A /* UIColorExtension.swift */ = {isa = PBXFileReference; fileEncoding = 4; lastKnownFileType = sourcecode.swift; path = UIColorExtension.swift; sourceTree = "<group>"; };
		5AF20F741B740880005DA45F /* CollectionViewCell.swift */ = {isa = PBXFileReference; fileEncoding = 4; lastKnownFileType = sourcecode.swift; path = CollectionViewCell.swift; sourceTree = "<group>"; };
		5AF20F761B740EDA005DA45F /* QuartzCore.framework */ = {isa = PBXFileReference; lastKnownFileType = wrapper.framework; name = QuartzCore.framework; path = System/Library/Frameworks/QuartzCore.framework; sourceTree = SDKROOT; };
		5AF20F771B740EDA005DA45F /* QuickLook.framework */ = {isa = PBXFileReference; lastKnownFileType = wrapper.framework; name = QuickLook.framework; path = System/Library/Frameworks/QuickLook.framework; sourceTree = SDKROOT; };
/* End PBXFileReference section */

/* Begin PBXFrameworksBuildPhase section */
		5A096E361B6FC16A009C1AFA /* Frameworks */ = {
			isa = PBXFrameworksBuildPhase;
			buildActionMask = 2147483647;
			files = (
				5AEDED5F1B75209100760B4A /* WebKit.framework in Frameworks */,
				5AEDED5D1B75208800760B4A /* QuartzCore.framework in Frameworks */,
				5AEDED5E1B75208800760B4A /* QuickLook.framework in Frameworks */,
				5AEDED5C1B75208200760B4A /* CoreLocation.framework in Frameworks */,
				5AEDED5B1B75207700760B4A /* CoreBluetooth.framework in Frameworks */,
			);
			runOnlyForDeploymentPostprocessing = 0;
		};
		5A096E4E1B6FC173009C1AFA /* Frameworks */ = {
			isa = PBXFrameworksBuildPhase;
			buildActionMask = 2147483647;
			files = (
			);
			runOnlyForDeploymentPostprocessing = 0;
		};
/* End PBXFrameworksBuildPhase section */

/* Begin PBXGroup section */
		5A096E301B6FC169009C1AFA = {
			isa = PBXGroup;
			children = (
				5AEDED591B750FAA00760B4A /* CoreBluetooth.framework */,
				5AEDED571B750F9F00760B4A /* CoreLocation.framework */,
				5AF20F761B740EDA005DA45F /* QuartzCore.framework */,
				5AF20F771B740EDA005DA45F /* QuickLook.framework */,
				5AE619081B73EA8B007D17CE /* WebKit.framework */,
				5A096E3B1B6FC16A009C1AFA /* HackathonApp */,
				5A096E541B6FC173009C1AFA /* HackathonAppTests */,
				5A096E3A1B6FC16A009C1AFA /* Products */,
			);
			sourceTree = "<group>";
		};
		5A096E3A1B6FC16A009C1AFA /* Products */ = {
			isa = PBXGroup;
			children = (
				5A096E391B6FC16A009C1AFA /* HackathonApp.app */,
				5A096E511B6FC173009C1AFA /* HackathonAppTests.xctest */,
			);
			name = Products;
			sourceTree = "<group>";
		};
		5A096E3B1B6FC16A009C1AFA /* HackathonApp */ = {
			isa = PBXGroup;
			children = (
				5A096E3E1B6FC16D009C1AFA /* AppDelegate.swift */,
				5AEDED601B7526B700760B4A /* UIColorExtension.swift */,
				5AE618FA1B73BC12007D17CE /* menuItems.json */,
				5A096E431B6FC171009C1AFA /* ViewController.swift */,
				5A096E451B6FC172009C1AFA /* Main.storyboard */,
				5AF20F741B740880005DA45F /* CollectionViewCell.swift */,
				5A096E651B6FE619009C1AFA /* CustomWebViewController.swift */,
				5AE619061B73E235007D17CE /* MenuItem.swift */,
				5A096E481B6FC173009C1AFA /* Images.xcassets */,
				5A096E4A1B6FC173009C1AFA /* LaunchScreen.xib */,
				5A096E401B6FC171009C1AFA /* HackathonApp.xcdatamodeld */,
				5A096E3C1B6FC16C009C1AFA /* Supporting Files */,
			);
			path = HackathonApp;
			sourceTree = "<group>";
		};
		5A096E3C1B6FC16C009C1AFA /* Supporting Files */ = {
			isa = PBXGroup;
			children = (
				5A096E641B6FE1CA009C1AFA /* HackathonApp-Bridging-Header.h */,
				5A096E611B6FC930009C1AFA /* SWRevealViewController.h */,
				5A096E621B6FC930009C1AFA /* SWRevealViewController.m */,
				5A096E3D1B6FC16D009C1AFA /* Info.plist */,
			);
			name = "Supporting Files";
			sourceTree = "<group>";
		};
		5A096E541B6FC173009C1AFA /* HackathonAppTests */ = {
			isa = PBXGroup;
			children = (
				5A096E571B6FC173009C1AFA /* HackathonAppTests.swift */,
				5A096E551B6FC173009C1AFA /* Supporting Files */,
			);
			path = HackathonAppTests;
			sourceTree = "<group>";
		};
		5A096E551B6FC173009C1AFA /* Supporting Files */ = {
			isa = PBXGroup;
			children = (
				5A096E561B6FC173009C1AFA /* Info.plist */,
			);
			name = "Supporting Files";
			sourceTree = "<group>";
		};
/* End PBXGroup section */

/* Begin PBXNativeTarget section */
		5A096E381B6FC16A009C1AFA /* HackathonApp */ = {
			isa = PBXNativeTarget;
			buildConfigurationList = 5A096E5B1B6FC173009C1AFA /* Build configuration list for PBXNativeTarget "HackathonApp" */;
			buildPhases = (
				5A096E351B6FC16A009C1AFA /* Sources */,
				5A096E361B6FC16A009C1AFA /* Frameworks */,
				5A096E371B6FC16A009C1AFA /* Resources */,
			);
			buildRules = (
			);
			dependencies = (
			);
			name = HackathonApp;
			productName = HackathonApp;
			productReference = 5A096E391B6FC16A009C1AFA /* HackathonApp.app */;
			productType = "com.apple.product-type.application";
		};
		5A096E501B6FC173009C1AFA /* HackathonAppTests */ = {
			isa = PBXNativeTarget;
			buildConfigurationList = 5A096E5E1B6FC173009C1AFA /* Build configuration list for PBXNativeTarget "HackathonAppTests" */;
			buildPhases = (
				5A096E4D1B6FC173009C1AFA /* Sources */,
				5A096E4E1B6FC173009C1AFA /* Frameworks */,
				5A096E4F1B6FC173009C1AFA /* Resources */,
			);
			buildRules = (
			);
			dependencies = (
				5A096E531B6FC173009C1AFA /* PBXTargetDependency */,
			);
			name = HackathonAppTests;
			productName = HackathonAppTests;
			productReference = 5A096E511B6FC173009C1AFA /* HackathonAppTests.xctest */;
			productType = "com.apple.product-type.bundle.unit-test";
		};
/* End PBXNativeTarget section */

/* Begin PBXProject section */
		5A096E311B6FC169009C1AFA /* Project object */ = {
			isa = PBXProject;
			attributes = {
				LastUpgradeCheck = 0640;
				ORGANIZATIONNAME = "Matthew Curtis";
				TargetAttributes = {
					5A096E381B6FC16A009C1AFA = {
						CreatedOnToolsVersion = 6.4;
					};
					5A096E501B6FC173009C1AFA = {
						CreatedOnToolsVersion = 6.4;
						TestTargetID = 5A096E381B6FC16A009C1AFA;
					};
				};
			};
			buildConfigurationList = 5A096E341B6FC169009C1AFA /* Build configuration list for PBXProject "HackathonApp" */;
			compatibilityVersion = "Xcode 3.2";
			developmentRegion = English;
			hasScannedForEncodings = 0;
			knownRegions = (
				en,
				Base,
			);
			mainGroup = 5A096E301B6FC169009C1AFA;
			productRefGroup = 5A096E3A1B6FC16A009C1AFA /* Products */;
			projectDirPath = "";
			projectRoot = "";
			targets = (
				5A096E381B6FC16A009C1AFA /* HackathonApp */,
				5A096E501B6FC173009C1AFA /* HackathonAppTests */,
			);
		};
/* End PBXProject section */

/* Begin PBXResourcesBuildPhase section */
		5A096E371B6FC16A009C1AFA /* Resources */ = {
			isa = PBXResourcesBuildPhase;
			buildActionMask = 2147483647;
			files = (
				5A096E471B6FC172009C1AFA /* Main.storyboard in Resources */,
				5AE618FB1B73BC12007D17CE /* menuItems.json in Resources */,
				5A096E4C1B6FC173009C1AFA /* LaunchScreen.xib in Resources */,
				5A096E491B6FC173009C1AFA /* Images.xcassets in Resources */,
			);
			runOnlyForDeploymentPostprocessing = 0;
		};
		5A096E4F1B6FC173009C1AFA /* Resources */ = {
			isa = PBXResourcesBuildPhase;
			buildActionMask = 2147483647;
			files = (
			);
			runOnlyForDeploymentPostprocessing = 0;
		};
/* End PBXResourcesBuildPhase section */

/* Begin PBXSourcesBuildPhase section */
		5A096E351B6FC16A009C1AFA /* Sources */ = {
			isa = PBXSourcesBuildPhase;
			buildActionMask = 2147483647;
			files = (
				5A096E441B6FC171009C1AFA /* ViewController.swift in Sources */,
				5A096E3F1B6FC16D009C1AFA /* AppDelegate.swift in Sources */,
				5A096E421B6FC171009C1AFA /* HackathonApp.xcdatamodeld in Sources */,
				5AEDED611B7526B700760B4A /* UIColorExtension.swift in Sources */,
				5AF20F751B740880005DA45F /* CollectionViewCell.swift in Sources */,
				5AE619071B73E235007D17CE /* MenuItem.swift in Sources */,
				5A096E631B6FC930009C1AFA /* SWRevealViewController.m in Sources */,
				5A096E661B6FE619009C1AFA /* CustomWebViewController.swift in Sources */,
			);
			runOnlyForDeploymentPostprocessing = 0;
		};
		5A096E4D1B6FC173009C1AFA /* Sources */ = {
			isa = PBXSourcesBuildPhase;
			buildActionMask = 2147483647;
			files = (
				5A096E581B6FC173009C1AFA /* HackathonAppTests.swift in Sources */,
			);
			runOnlyForDeploymentPostprocessing = 0;
		};
/* End PBXSourcesBuildPhase section */

/* Begin PBXTargetDependency section */
		5A096E531B6FC173009C1AFA /* PBXTargetDependency */ = {
			isa = PBXTargetDependency;
			target = 5A096E381B6FC16A009C1AFA /* HackathonApp */;
			targetProxy = 5A096E521B6FC173009C1AFA /* PBXContainerItemProxy */;
		};
/* End PBXTargetDependency section */

/* Begin PBXVariantGroup section */
		5A096E451B6FC172009C1AFA /* Main.storyboard */ = {
			isa = PBXVariantGroup;
			children = (
				5A096E461B6FC172009C1AFA /* Base */,
			);
			name = Main.storyboard;
			sourceTree = "<group>";
		};
		5A096E4A1B6FC173009C1AFA /* LaunchScreen.xib */ = {
			isa = PBXVariantGroup;
			children = (
				5A096E4B1B6FC173009C1AFA /* Base */,
			);
			name = LaunchScreen.xib;
			sourceTree = "<group>";
		};
/* End PBXVariantGroup section */

/* Begin XCBuildConfiguration section */
		5A096E591B6FC173009C1AFA /* Debug */ = {
			isa = XCBuildConfiguration;
			buildSettings = {
				ALWAYS_SEARCH_USER_PATHS = NO;
				CLANG_CXX_LANGUAGE_STANDARD = "gnu++0x";
				CLANG_CXX_LIBRARY = "libc++";
				CLANG_ENABLE_MODULES = YES;
				CLANG_ENABLE_OBJC_ARC = YES;
				CLANG_WARN_BOOL_CONVERSION = YES;
				CLANG_WARN_CONSTANT_CONVERSION = YES;
				CLANG_WARN_DIRECT_OBJC_ISA_USAGE = YES_ERROR;
				CLANG_WARN_EMPTY_BODY = YES;
				CLANG_WARN_ENUM_CONVERSION = YES;
				CLANG_WARN_INT_CONVERSION = YES;
				CLANG_WARN_OBJC_ROOT_CLASS = YES_ERROR;
				CLANG_WARN_UNREACHABLE_CODE = YES;
				CLANG_WARN__DUPLICATE_METHOD_MATCH = YES;
				"CODE_SIGN_IDENTITY[sdk=iphoneos*]" = "iPhone Developer";
				COPY_PHASE_STRIP = NO;
				DEBUG_INFORMATION_FORMAT = "dwarf-with-dsym";
				ENABLE_STRICT_OBJC_MSGSEND = YES;
				GCC_C_LANGUAGE_STANDARD = gnu99;
				GCC_DYNAMIC_NO_PIC = NO;
				GCC_NO_COMMON_BLOCKS = YES;
				GCC_OPTIMIZATION_LEVEL = 0;
				GCC_PREPROCESSOR_DEFINITIONS = (
					"DEBUG=1",
					"$(inherited)",
				);
				GCC_SYMBOLS_PRIVATE_EXTERN = NO;
				GCC_WARN_64_TO_32_BIT_CONVERSION = YES;
				GCC_WARN_ABOUT_RETURN_TYPE = YES_ERROR;
				GCC_WARN_UNDECLARED_SELECTOR = YES;
				GCC_WARN_UNINITIALIZED_AUTOS = YES_AGGRESSIVE;
				GCC_WARN_UNUSED_FUNCTION = YES;
				GCC_WARN_UNUSED_VARIABLE = YES;
				IPHONEOS_DEPLOYMENT_TARGET = 8.4;
				MTL_ENABLE_DEBUG_INFO = YES;
				ONLY_ACTIVE_ARCH = YES;
				SDKROOT = iphoneos;
				SWIFT_OPTIMIZATION_LEVEL = "-Onone";
				TARGETED_DEVICE_FAMILY = "1,2";
			};
			name = Debug;
		};
		5A096E5A1B6FC173009C1AFA /* Release */ = {
			isa = XCBuildConfiguration;
			buildSettings = {
				ALWAYS_SEARCH_USER_PATHS = NO;
				CLANG_CXX_LANGUAGE_STANDARD = "gnu++0x";
				CLANG_CXX_LIBRARY = "libc++";
				CLANG_ENABLE_MODULES = YES;
				CLANG_ENABLE_OBJC_ARC = YES;
				CLANG_WARN_BOOL_CONVERSION = YES;
				CLANG_WARN_CONSTANT_CONVERSION = YES;
				CLANG_WARN_DIRECT_OBJC_ISA_USAGE = YES_ERROR;
				CLANG_WARN_EMPTY_BODY = YES;
				CLANG_WARN_ENUM_CONVERSION = YES;
				CLANG_WARN_INT_CONVERSION = YES;
				CLANG_WARN_OBJC_ROOT_CLASS = YES_ERROR;
				CLANG_WARN_UNREACHABLE_CODE = YES;
				CLANG_WARN__DUPLICATE_METHOD_MATCH = YES;
				"CODE_SIGN_IDENTITY[sdk=iphoneos*]" = "iPhone Developer";
				COPY_PHASE_STRIP = NO;
				DEBUG_INFORMATION_FORMAT = "dwarf-with-dsym";
				ENABLE_NS_ASSERTIONS = NO;
				ENABLE_STRICT_OBJC_MSGSEND = YES;
				GCC_C_LANGUAGE_STANDARD = gnu99;
				GCC_NO_COMMON_BLOCKS = YES;
				GCC_WARN_64_TO_32_BIT_CONVERSION = YES;
				GCC_WARN_ABOUT_RETURN_TYPE = YES_ERROR;
				GCC_WARN_UNDECLARED_SELECTOR = YES;
				GCC_WARN_UNINITIALIZED_AUTOS = YES_AGGRESSIVE;
				GCC_WARN_UNUSED_FUNCTION = YES;
				GCC_WARN_UNUSED_VARIABLE = YES;
				IPHONEOS_DEPLOYMENT_TARGET = 8.4;
				MTL_ENABLE_DEBUG_INFO = NO;
				ONLY_ACTIVE_ARCH = NO;
				SDKROOT = iphoneos;
				TARGETED_DEVICE_FAMILY = "1,2";
				VALIDATE_PRODUCT = YES;
			};
			name = Release;
		};
		5A096E5C1B6FC173009C1AFA /* Debug */ = {
			isa = XCBuildConfiguration;
			buildSettings = {
				ASSETCATALOG_COMPILER_APPICON_NAME = AppIcon;
				INFOPLIST_FILE = HackathonApp/Info.plist;
				LD_RUNPATH_SEARCH_PATHS = "$(inherited) @executable_path/Frameworks";
				PRODUCT_NAME = "$(TARGET_NAME)";
				SWIFT_OBJC_BRIDGING_HEADER = "HackathonApp/HackathonApp-Bridging-Header.h";
			};
			name = Debug;
		};
		5A096E5D1B6FC173009C1AFA /* Release */ = {
			isa = XCBuildConfiguration;
			buildSettings = {
				ASSETCATALOG_COMPILER_APPICON_NAME = AppIcon;
				INFOPLIST_FILE = HackathonApp/Info.plist;
				LD_RUNPATH_SEARCH_PATHS = "$(inherited) @executable_path/Frameworks";
				PRODUCT_NAME = "$(TARGET_NAME)";
				SWIFT_OBJC_BRIDGING_HEADER = "HackathonApp/HackathonApp-Bridging-Header.h";
			};
			name = Release;
		};
		5A096E5F1B6FC173009C1AFA /* Debug */ = {
			isa = XCBuildConfiguration;
			buildSettings = {
				BUNDLE_LOADER = "$(TEST_HOST)";
				FRAMEWORK_SEARCH_PATHS = (
					"$(SDKROOT)/Developer/Library/Frameworks",
					"$(inherited)",
				);
				GCC_PREPROCESSOR_DEFINITIONS = (
					"DEBUG=1",
					"$(inherited)",
				);
				INFOPLIST_FILE = HackathonAppTests/Info.plist;
				LD_RUNPATH_SEARCH_PATHS = "$(inherited) @executable_path/Frameworks @loader_path/Frameworks";
				PRODUCT_NAME = "$(TARGET_NAME)";
				TEST_HOST = "$(BUILT_PRODUCTS_DIR)/HackathonApp.app/HackathonApp";
			};
			name = Debug;
		};
		5A096E601B6FC173009C1AFA /* Release */ = {
			isa = XCBuildConfiguration;
			buildSettings = {
				BUNDLE_LOADER = "$(TEST_HOST)";
				FRAMEWORK_SEARCH_PATHS = (
					"$(SDKROOT)/Developer/Library/Frameworks",
					"$(inherited)",
				);
				INFOPLIST_FILE = HackathonAppTests/Info.plist;
				LD_RUNPATH_SEARCH_PATHS = "$(inherited) @executable_path/Frameworks @loader_path/Frameworks";
				PRODUCT_NAME = "$(TARGET_NAME)";
				TEST_HOST = "$(BUILT_PRODUCTS_DIR)/HackathonApp.app/HackathonApp";
			};
			name = Release;
		};
/* End XCBuildConfiguration section */

/* Begin XCConfigurationList section */
		5A096E341B6FC169009C1AFA /* Build configuration list for PBXProject "HackathonApp" */ = {
			isa = XCConfigurationList;
			buildConfigurations = (
				5A096E591B6FC173009C1AFA /* Debug */,
				5A096E5A1B6FC173009C1AFA /* Release */,
			);
			defaultConfigurationIsVisible = 0;
			defaultConfigurationName = Release;
		};
		5A096E5B1B6FC173009C1AFA /* Build configuration list for PBXNativeTarget "HackathonApp" */ = {
			isa = XCConfigurationList;
			buildConfigurations = (
				5A096E5C1B6FC173009C1AFA /* Debug */,
				5A096E5D1B6FC173009C1AFA /* Release */,
			);
			defaultConfigurationIsVisible = 0;
			defaultConfigurationName = Release;
		};
		5A096E5E1B6FC173009C1AFA /* Build configuration list for PBXNativeTarget "HackathonAppTests" */ = {
			isa = XCConfigurationList;
			buildConfigurations = (
				5A096E5F1B6FC173009C1AFA /* Debug */,
				5A096E601B6FC173009C1AFA /* Release */,
			);
			defaultConfigurationIsVisible = 0;
			defaultConfigurationName = Release;
		};
/* End XCConfigurationList section */

/* Begin XCVersionGroup section */
		5A096E401B6FC171009C1AFA /* HackathonApp.xcdatamodeld */ = {
			isa = XCVersionGroup;
			children = (
				5A096E411B6FC171009C1AFA /* HackathonApp.xcdatamodel */,
			);
			currentVersion = 5A096E411B6FC171009C1AFA /* HackathonApp.xcdatamodel */;
			path = HackathonApp.xcdatamodeld;
			sourceTree = "<group>";
			versionGroupType = wrapper.xcdatamodel;
		};
/* End XCVersionGroup section */
	};
	rootObject = 5A096E311B6FC169009C1AFA /* Project object */;
}
